
Microsoft Visual Studio Solution File, Format Version 12.00
# Visual Studio Version 17
VisualStudioVersion = 17.3.32929.385
MinimumVisualStudioVersion = 10.0.40219.1
Project("{9A19103F-16F7-4668-BE54-9A1E7A4F7556}") = "ExpenseTracker", "ExpenseTracker\ExpenseTracker.csproj", "{9E20C912-948B-4EC7-B0DA-09DCB96D5CC2}"
EndProject
Project("{FAE04EC0-301F-11D3-BF4B-00C04F79EFBC}") = "ExpenseTracker.Application", "ExpenseTracker.Application\ExpenseTracker.Application.csproj", "{A1A22695-1B90-4F5B-A46A-9DA092FBDE4A}"
EndProject
Project("{FAE04EC0-301F-11D3-BF4B-00C04F79EFBC}") = "ExpenseTracker.Domain", "ExpenseTracker.Domain\ExpenseTracker.Domain.csproj", "{DB897415-FDF5-4676-8F20-7A252EFA88E6}"
EndProject
Project("{FAE04EC0-301F-11D3-BF4B-00C04F79EFBC}") = "ExpenseTracker.Infastructure", "ExpenseTracker.Infastructure\ExpenseTracker.Infastructure.csproj", "{B49530B0-BD5D-4378-BA7A-51CE6464D814}"
EndProject
Global
	GlobalSection(SolutionConfigurationPlatforms) = preSolution
		Debug|Any CPU = Debug|Any CPU
		Release|Any CPU = Release|Any CPU
	EndGlobalSection
	GlobalSection(ProjectConfigurationPlatforms) = postSolution
		{9E20C912-948B-4EC7-B0DA-09DCB96D5CC2}.Debug|Any CPU.ActiveCfg = Debug|Any CPU
		{9E20C912-948B-4EC7-B0DA-09DCB96D5CC2}.Debug|Any CPU.Build.0 = Debug|Any CPU
		{9E20C912-948B-4EC7-B0DA-09DCB96D5CC2}.Release|Any CPU.ActiveCfg = Release|Any CPU
		{9E20C912-948B-4EC7-B0DA-09DCB96D5CC2}.Release|Any CPU.Build.0 = Release|Any CPU
		{A1A22695-1B90-4F5B-A46A-9DA092FBDE4A}.Debug|Any CPU.ActiveCfg = Debug|Any CPU
		{A1A22695-1B90-4F5B-A46A-9DA092FBDE4A}.Debug|Any CPU.Build.0 = Debug|Any CPU
		{A1A22695-1B90-4F5B-A46A-9DA092FBDE4A}.Release|Any CPU.ActiveCfg = Release|Any CPU
		{A1A22695-1B90-4F5B-A46A-9DA092FBDE4A}.Release|Any CPU.Build.0 = Release|Any CPU
		{DB897415-FDF5-4676-8F20-7A252EFA88E6}.Debug|Any CPU.ActiveCfg = Debug|Any CPU
		{DB897415-FDF5-4676-8F20-7A252EFA88E6}.Debug|Any CPU.Build.0 = Debug|Any CPU
		{DB897415-FDF5-4676-8F20-7A252EFA88E6}.Release|Any CPU.ActiveCfg = Release|Any CPU
		{DB897415-FDF5-4676-8F20-7A252EFA88E6}.Release|Any CPU.Build.0 = Release|Any CPU
		{B49530B0-BD5D-4378-BA7A-51CE6464D814}.Debug|Any CPU.ActiveCfg = Debug|Any CPU
		{B49530B0-BD5D-4378-BA7A-51CE6464D814}.Debug|Any CPU.Build.0 = Debug|Any CPU
		{B49530B0-BD5D-4378-BA7A-51CE6464D814}.Release|Any CPU.ActiveCfg = Release|Any CPU
		{B49530B0-BD5D-4378-BA7A-51CE6464D814}.Release|Any CPU.Build.0 = Release|Any CPU
	EndGlobalSection
	GlobalSection(SolutionProperties) = preSolution
		HideSolutionNode = FALSE
	EndGlobalSection
	GlobalSection(ExtensibilityGlobals) = postSolution
		SolutionGuid = {D129606B-B0F5-4CB0-8CDC-9DC57AC2B665}
	EndGlobalSection
EndGlobal
